
Microsoft Visual Studio Solution File, Format Version 12.00
# Visual Studio Version 17
VisualStudioVersion = 17.9.34723.18
MinimumVisualStudioVersion = 10.0.40219.1
Project("{FAE04EC0-301F-11D3-BF4B-00C04F79EFBC}") = "CheckBoxes and Radio Buttons", "CheckBoxes and Radio Buttons.csproj", "{D6DB0EF0-C2A1-465B-B123-E43A6085BB8A}"
EndProject
Global
	GlobalSection(SolutionConfigurationPlatforms) = preSolution
		Debug|Any CPU = Debug|Any CPU
		Release|Any CPU = Release|Any CPU
	EndGlobalSection
	GlobalSection(ProjectConfigurationPlatforms) = postSolution
		{D6DB0EF0-C2A1-465B-B123-E43A6085BB8A}.Debug|Any CPU.ActiveCfg = Debug|Any CPU
		{D6DB0EF0-C2A1-465B-B123-E43A6085BB8A}.Debug|Any CPU.Build.0 = Debug|Any CPU
		{D6DB0EF0-C2A1-465B-B123-E43A6085BB8A}.Release|Any CPU.ActiveCfg = Release|Any CPU
		{D6DB0EF0-C2A1-465B-B123-E43A6085BB8A}.Release|Any CPU.Build.0 = Release|Any CPU
	EndGlobalSection
	GlobalSection(SolutionProperties) = preSolution
		HideSolutionNode = FALSE
	EndGlobalSection
	GlobalSection(ExtensibilityGlobals) = postSolution
		SolutionGuid = {288CC9B7-E8B0-46E4-B73A-BC724C5F0A1D}
	EndGlobalSection
EndGlobal
